// !$*UTF8*$!
{
	archiveVersion = 1;
	classes = {
	};
	objectVersion = 56;
	objects = {

/* Begin PBXBuildFile section */
		2271BA5129B1F47700ADE5B2 /* RideType.swift in Sources */ = {isa = PBXBuildFile; fileRef = 2271BA5029B1F47700ADE5B2 /* RideType.swift */; };
		2271BA5329B2107900ADE5B2 /* Double.swift in Sources */ = {isa = PBXBuildFile; fileRef = 2271BA5229B2107900ADE5B2 /* Double.swift */; };
		22D7FEB629A954D500CA507D /* Taxi_SUIApp.swift in Sources */ = {isa = PBXBuildFile; fileRef = 22D7FEB529A954D500CA507D /* Taxi_SUIApp.swift */; };
		22D7FEBD29A954DB00CA507D /* Preview Assets.xcassets in Resources */ = {isa = PBXBuildFile; fileRef = 22D7FEBC29A954DB00CA507D /* Preview Assets.xcassets */; };
		22D7FECB29A9564400CA507D /* HomeView.swift in Sources */ = {isa = PBXBuildFile; fileRef = 22D7FECA29A9564400CA507D /* HomeView.swift */; };
		22D7FECD29A9570A00CA507D /* MapViewRepresentable.swift in Sources */ = {isa = PBXBuildFile; fileRef = 22D7FECC29A9570A00CA507D /* MapViewRepresentable.swift */; };
		22D7FECF29A959CB00CA507D /* LocationManager.swift in Sources */ = {isa = PBXBuildFile; fileRef = 22D7FECE29A959CB00CA507D /* LocationManager.swift */; };
		22D7FED529AE483F00CA507D /* LocationSearchActivationView.swift in Sources */ = {isa = PBXBuildFile; fileRef = 22D7FED429AE483F00CA507D /* LocationSearchActivationView.swift */; };
		22D7FED729AE4C6F00CA507D /* MapViewActionButton.swift in Sources */ = {isa = PBXBuildFile; fileRef = 22D7FED629AE4C6F00CA507D /* MapViewActionButton.swift */; };
		22D7FED929AE5FB700CA507D /* LocationSearchView.swift in Sources */ = {isa = PBXBuildFile; fileRef = 22D7FED829AE5FB600CA507D /* LocationSearchView.swift */; };
		22D7FEDB29AE64A600CA507D /* LocationSearchResultCell.swift in Sources */ = {isa = PBXBuildFile; fileRef = 22D7FEDA29AE64A600CA507D /* LocationSearchResultCell.swift */; };
		22D7FEDD29AE703700CA507D /* LocationSearchViewModel.swift in Sources */ = {isa = PBXBuildFile; fileRef = 22D7FEDC29AE703700CA507D /* LocationSearchViewModel.swift */; };
		22D7FEDF29AF520400CA507D /* MapViewState.swift in Sources */ = {isa = PBXBuildFile; fileRef = 22D7FEDE29AF520300CA507D /* MapViewState.swift */; };
		22D7FEE429B0D7A700CA507D /* RideRequestView.swift in Sources */ = {isa = PBXBuildFile; fileRef = 22D7FEE329B0D7A700CA507D /* RideRequestView.swift */; };
		22D7FEE629B0DD3900CA507D /* Assets.xcassets in Resources */ = {isa = PBXBuildFile; fileRef = 22D7FEE529B0DD3900CA507D /* Assets.xcassets */; };
/* End PBXBuildFile section */

/* Begin PBXFileReference section */
		2271BA5029B1F47700ADE5B2 /* RideType.swift */ = {isa = PBXFileReference; lastKnownFileType = sourcecode.swift; path = RideType.swift; sourceTree = "<group>"; };
		2271BA5229B2107900ADE5B2 /* Double.swift */ = {isa = PBXFileReference; lastKnownFileType = sourcecode.swift; path = Double.swift; sourceTree = "<group>"; };
		22D7FEB229A954D500CA507D /* Taxi_SUI.app */ = {isa = PBXFileReference; explicitFileType = wrapper.application; includeInIndex = 0; path = Taxi_SUI.app; sourceTree = BUILT_PRODUCTS_DIR; };
		22D7FEB529A954D500CA507D /* Taxi_SUIApp.swift */ = {isa = PBXFileReference; lastKnownFileType = sourcecode.swift; path = Taxi_SUIApp.swift; sourceTree = "<group>"; };
		22D7FEBC29A954DB00CA507D /* Preview Assets.xcassets */ = {isa = PBXFileReference; lastKnownFileType = folder.assetcatalog; path = "Preview Assets.xcassets"; sourceTree = "<group>"; };
		22D7FECA29A9564400CA507D /* HomeView.swift */ = {isa = PBXFileReference; lastKnownFileType = sourcecode.swift; path = HomeView.swift; sourceTree = "<group>"; };
		22D7FECC29A9570A00CA507D /* MapViewRepresentable.swift */ = {isa = PBXFileReference; lastKnownFileType = sourcecode.swift; path = MapViewRepresentable.swift; sourceTree = "<group>"; };
		22D7FECE29A959CB00CA507D /* LocationManager.swift */ = {isa = PBXFileReference; lastKnownFileType = sourcecode.swift; path = LocationManager.swift; sourceTree = "<group>"; };
		22D7FED429AE483F00CA507D /* LocationSearchActivationView.swift */ = {isa = PBXFileReference; lastKnownFileType = sourcecode.swift; path = LocationSearchActivationView.swift; sourceTree = "<group>"; };
		22D7FED629AE4C6F00CA507D /* MapViewActionButton.swift */ = {isa = PBXFileReference; lastKnownFileType = sourcecode.swift; path = MapViewActionButton.swift; sourceTree = "<group>"; };
		22D7FED829AE5FB600CA507D /* LocationSearchView.swift */ = {isa = PBXFileReference; lastKnownFileType = sourcecode.swift; path = LocationSearchView.swift; sourceTree = "<group>"; };
		22D7FEDA29AE64A600CA507D /* LocationSearchResultCell.swift */ = {isa = PBXFileReference; lastKnownFileType = sourcecode.swift; path = LocationSearchResultCell.swift; sourceTree = "<group>"; };
		22D7FEDC29AE703700CA507D /* LocationSearchViewModel.swift */ = {isa = PBXFileReference; lastKnownFileType = sourcecode.swift; path = LocationSearchViewModel.swift; sourceTree = "<group>"; };
		22D7FEDE29AF520300CA507D /* MapViewState.swift */ = {isa = PBXFileReference; lastKnownFileType = sourcecode.swift; path = MapViewState.swift; sourceTree = "<group>"; };
		22D7FEE329B0D7A700CA507D /* RideRequestView.swift */ = {isa = PBXFileReference; lastKnownFileType = sourcecode.swift; path = RideRequestView.swift; sourceTree = "<group>"; };
		22D7FEE529B0DD3900CA507D /* Assets.xcassets */ = {isa = PBXFileReference; lastKnownFileType = folder.assetcatalog; name = Assets.xcassets; path = ../../../../Downloads/Assets.xcassets; sourceTree = "<group>"; };
/* End PBXFileReference section */

/* Begin PBXFrameworksBuildPhase section */
		22D7FEAF29A954D500CA507D /* Frameworks */ = {
			isa = PBXFrameworksBuildPhase;
			buildActionMask = 2147483647;
			files = (
			);
			runOnlyForDeploymentPostprocessing = 0;
		};
/* End PBXFrameworksBuildPhase section */

/* Begin PBXGroup section */
		22D7FEA929A954D500CA507D = {
			isa = PBXGroup;
			children = (
				22D7FEB429A954D500CA507D /* Taxi_SUI */,
				22D7FEB329A954D500CA507D /* Products */,
			);
			sourceTree = "<group>";
		};
		22D7FEB329A954D500CA507D /* Products */ = {
			isa = PBXGroup;
			children = (
				22D7FEB229A954D500CA507D /* Taxi_SUI.app */,
			);
			name = Products;
			sourceTree = "<group>";
		};
		22D7FEB429A954D500CA507D /* Taxi_SUI */ = {
			isa = PBXGroup;
			children = (
				22D7FEC329A9557E00CA507D /* App */,
				22D7FEC429A9558B00CA507D /* Core */,
				22D7FEC729A955AA00CA507D /* Models */,
				22D7FEC629A955A000CA507D /* Managers */,
				22D7FEC529A9559700CA507D /* Extensions */,
				22D7FEE529B0DD3900CA507D /* Assets.xcassets */,
				22D7FEBB29A954DB00CA507D /* Preview Content */,
			);
			path = Taxi_SUI;
			sourceTree = "<group>";
		};
		22D7FEBB29A954DB00CA507D /* Preview Content */ = {
			isa = PBXGroup;
			children = (
				22D7FEBC29A954DB00CA507D /* Preview Assets.xcassets */,
			);
			path = "Preview Content";
			sourceTree = "<group>";
		};
		22D7FEC329A9557E00CA507D /* App */ = {
			isa = PBXGroup;
			children = (
				22D7FEB529A954D500CA507D /* Taxi_SUIApp.swift */,
			);
			path = App;
			sourceTree = "<group>";
		};
		22D7FEC429A9558B00CA507D /* Core */ = {
			isa = PBXGroup;
			children = (
				22D7FED029AE47D000CA507D /* Home */,
				22D7FED129AE47E300CA507D /* LocationSearch */,
				22D7FEE029B0D75700CA507D /* Trips */,
			);
			path = Core;
			sourceTree = "<group>";
		};
		22D7FEC529A9559700CA507D /* Extensions */ = {
			isa = PBXGroup;
			children = (
				2271BA5229B2107900ADE5B2 /* Double.swift */,
			);
			path = Extensions;
			sourceTree = "<group>";
		};
		22D7FEC629A955A000CA507D /* Managers */ = {
			isa = PBXGroup;
			children = (
				22D7FECE29A959CB00CA507D /* LocationManager.swift */,
			);
			path = Managers;
			sourceTree = "<group>";
		};
		22D7FEC729A955AA00CA507D /* Models */ = {
			isa = PBXGroup;
			children = (
				22D7FEDE29AF520300CA507D /* MapViewState.swift */,
			);
			path = Models;
			sourceTree = "<group>";
		};
		22D7FEC829A955FF00CA507D /* ViewModels */ = {
			isa = PBXGroup;
			children = (
			);
			path = ViewModels;
			sourceTree = "<group>";
		};
		22D7FEC929A9560700CA507D /* Views */ = {
			isa = PBXGroup;
			children = (
				22D7FECA29A9564400CA507D /* HomeView.swift */,
				22D7FECC29A9570A00CA507D /* MapViewRepresentable.swift */,
				22D7FED629AE4C6F00CA507D /* MapViewActionButton.swift */,
			);
			path = Views;
			sourceTree = "<group>";
		};
		22D7FED029AE47D000CA507D /* Home */ = {
			isa = PBXGroup;
			children = (
				22D7FEC929A9560700CA507D /* Views */,
				22D7FEC829A955FF00CA507D /* ViewModels */,
			);
			path = Home;
			sourceTree = "<group>";
		};
		22D7FED129AE47E300CA507D /* LocationSearch */ = {
			isa = PBXGroup;
			children = (
				22D7FED229AE480000CA507D /* Views */,
				22D7FED329AE480900CA507D /* ViewModels */,
			);
			path = LocationSearch;
			sourceTree = "<group>";
		};
		22D7FED229AE480000CA507D /* Views */ = {
			isa = PBXGroup;
			children = (
				22D7FED829AE5FB600CA507D /* LocationSearchView.swift */,
				22D7FED429AE483F00CA507D /* LocationSearchActivationView.swift */,
				22D7FEDA29AE64A600CA507D /* LocationSearchResultCell.swift */,
			);
			path = Views;
			sourceTree = "<group>";
		};
		22D7FED329AE480900CA507D /* ViewModels */ = {
			isa = PBXGroup;
			children = (
				22D7FEDC29AE703700CA507D /* LocationSearchViewModel.swift */,
			);
			path = ViewModels;
			sourceTree = "<group>";
		};
		22D7FEE029B0D75700CA507D /* Trips */ = {
			isa = PBXGroup;
			children = (
				22D7FEE329B0D7A700CA507D /* RideRequestView.swift */,
				2271BA5029B1F47700ADE5B2 /* RideType.swift */,
			);
			path = Trips;
			sourceTree = "<group>";
		};
/* End PBXGroup section */

/* Begin PBXNativeTarget section */
		22D7FEB129A954D500CA507D /* Taxi_SUI */ = {
			isa = PBXNativeTarget;
			buildConfigurationList = 22D7FEC029A954DB00CA507D /* Build configuration list for PBXNativeTarget "Taxi_SUI" */;
			buildPhases = (
				22D7FEAE29A954D500CA507D /* Sources */,
				22D7FEAF29A954D500CA507D /* Frameworks */,
				22D7FEB029A954D500CA507D /* Resources */,
			);
			buildRules = (
			);
			dependencies = (
			);
			name = Taxi_SUI;
			productName = Taxi_SUI;
			productReference = 22D7FEB229A954D500CA507D /* Taxi_SUI.app */;
			productType = "com.apple.product-type.application";
		};
/* End PBXNativeTarget section */

/* Begin PBXProject section */
		22D7FEAA29A954D500CA507D /* Project object */ = {
			isa = PBXProject;
			attributes = {
				BuildIndependentTargetsInParallel = 1;
				LastSwiftUpdateCheck = 1420;
				LastUpgradeCheck = 1420;
				TargetAttributes = {
					22D7FEB129A954D500CA507D = {
						CreatedOnToolsVersion = 14.2;
					};
				};
			};
			buildConfigurationList = 22D7FEAD29A954D500CA507D /* Build configuration list for PBXProject "Taxi_SUI" */;
			compatibilityVersion = "Xcode 14.0";
			developmentRegion = en;
			hasScannedForEncodings = 0;
			knownRegions = (
				en,
				Base,
			);
			mainGroup = 22D7FEA929A954D500CA507D;
			productRefGroup = 22D7FEB329A954D500CA507D /* Products */;
			projectDirPath = "";
			projectRoot = "";
			targets = (
				22D7FEB129A954D500CA507D /* Taxi_SUI */,
			);
		};
/* End PBXProject section */

/* Begin PBXResourcesBuildPhase section */
		22D7FEB029A954D500CA507D /* Resources */ = {
			isa = PBXResourcesBuildPhase;
			buildActionMask = 2147483647;
			files = (
				22D7FEBD29A954DB00CA507D /* Preview Assets.xcassets in Resources */,
				22D7FEE629B0DD3900CA507D /* Assets.xcassets in Resources */,
			);
			runOnlyForDeploymentPostprocessing = 0;
		};
/* End PBXResourcesBuildPhase section */

/* Begin PBXSourcesBuildPhase section */
		22D7FEAE29A954D500CA507D /* Sources */ = {
			isa = PBXSourcesBuildPhase;
			buildActionMask = 2147483647;
			files = (
				22D7FEDD29AE703700CA507D /* LocationSearchViewModel.swift in Sources */,
				22D7FED929AE5FB700CA507D /* LocationSearchView.swift in Sources */,
				22D7FECF29A959CB00CA507D /* LocationManager.swift in Sources */,
				22D7FEE429B0D7A700CA507D /* RideRequestView.swift in Sources */,
				2271BA5329B2107900ADE5B2 /* Double.swift in Sources */,
				22D7FEDF29AF520400CA507D /* MapViewState.swift in Sources */,
				22D7FED729AE4C6F00CA507D /* MapViewActionButton.swift in Sources */,
				22D7FEB629A954D500CA507D /* Taxi_SUIApp.swift in Sources */,
				22D7FECD29A9570A00CA507D /* MapViewRepresentable.swift in Sources */,
				22D7FECB29A9564400CA507D /* HomeView.swift in Sources */,
				22D7FED529AE483F00CA507D /* LocationSearchActivationView.swift in Sources */,
				22D7FEDB29AE64A600CA507D /* LocationSearchResultCell.swift in Sources */,
				2271BA5129B1F47700ADE5B2 /* RideType.swift in Sources */,
			);
			runOnlyForDeploymentPostprocessing = 0;
		};
/* End PBXSourcesBuildPhase section */

/* Begin XCBuildConfiguration section */
		22D7FEBE29A954DB00CA507D /* Debug */ = {
			isa = XCBuildConfiguration;
			buildSettings = {
				ALWAYS_SEARCH_USER_PATHS = NO;
				CLANG_ANALYZER_NONNULL = YES;
				CLANG_ANALYZER_NUMBER_OBJECT_CONVERSION = YES_AGGRESSIVE;
				CLANG_CXX_LANGUAGE_STANDARD = "gnu++20";
				CLANG_ENABLE_MODULES = YES;
				CLANG_ENABLE_OBJC_ARC = YES;
				CLANG_ENABLE_OBJC_WEAK = YES;
				CLANG_WARN_BLOCK_CAPTURE_AUTORELEASING = YES;
				CLANG_WARN_BOOL_CONVERSION = YES;
				CLANG_WARN_COMMA = YES;
				CLANG_WARN_CONSTANT_CONVERSION = YES;
				CLANG_WARN_DEPRECATED_OBJC_IMPLEMENTATIONS = YES;
				CLANG_WARN_DIRECT_OBJC_ISA_USAGE = YES_ERROR;
				CLANG_WARN_DOCUMENTATION_COMMENTS = YES;
				CLANG_WARN_EMPTY_BODY = YES;
				CLANG_WARN_ENUM_CONVERSION = YES;
				CLANG_WARN_INFINITE_RECURSION = YES;
				CLANG_WARN_INT_CONVERSION = YES;
				CLANG_WARN_NON_LITERAL_NULL_CONVERSION = YES;
				CLANG_WARN_OBJC_IMPLICIT_RETAIN_SELF = YES;
				CLANG_WARN_OBJC_LITERAL_CONVERSION = YES;
				CLANG_WARN_OBJC_ROOT_CLASS = YES_ERROR;
				CLANG_WARN_QUOTED_INCLUDE_IN_FRAMEWORK_HEADER = YES;
				CLANG_WARN_RANGE_LOOP_ANALYSIS = YES;
				CLANG_WARN_STRICT_PROTOTYPES = YES;
				CLANG_WARN_SUSPICIOUS_MOVE = YES;
				CLANG_WARN_UNGUARDED_AVAILABILITY = YES_AGGRESSIVE;
				CLANG_WARN_UNREACHABLE_CODE = YES;
				CLANG_WARN__DUPLICATE_METHOD_MATCH = YES;
				COPY_PHASE_STRIP = NO;
				DEBUG_INFORMATION_FORMAT = dwarf;
				ENABLE_STRICT_OBJC_MSGSEND = YES;
				ENABLE_TESTABILITY = YES;
				GCC_C_LANGUAGE_STANDARD = gnu11;
				GCC_DYNAMIC_NO_PIC = NO;
				GCC_NO_COMMON_BLOCKS = YES;
				GCC_OPTIMIZATION_LEVEL = 0;
				GCC_PREPROCESSOR_DEFINITIONS = (
					"DEBUG=1",
					"$(inherited)",
				);
				GCC_WARN_64_TO_32_BIT_CONVERSION = YES;
				GCC_WARN_ABOUT_RETURN_TYPE = YES_ERROR;
				GCC_WARN_UNDECLARED_SELECTOR = YES;
				GCC_WARN_UNINITIALIZED_AUTOS = YES_AGGRESSIVE;
				GCC_WARN_UNUSED_FUNCTION = YES;
				GCC_WARN_UNUSED_VARIABLE = YES;
				IPHONEOS_DEPLOYMENT_TARGET = 16.2;
				MTL_ENABLE_DEBUG_INFO = INCLUDE_SOURCE;
				MTL_FAST_MATH = YES;
				ONLY_ACTIVE_ARCH = YES;
				SDKROOT = iphoneos;
				SWIFT_ACTIVE_COMPILATION_CONDITIONS = DEBUG;
				SWIFT_OPTIMIZATION_LEVEL = "-Onone";
			};
			name = Debug;
		};
		22D7FEBF29A954DB00CA507D /* Release */ = {
			isa = XCBuildConfiguration;
			buildSettings = {
				ALWAYS_SEARCH_USER_PATHS = NO;
				CLANG_ANALYZER_NONNULL = YES;
				CLANG_ANALYZER_NUMBER_OBJECT_CONVERSION = YES_AGGRESSIVE;
				CLANG_CXX_LANGUAGE_STANDARD = "gnu++20";
				CLANG_ENABLE_MODULES = YES;
				CLANG_ENABLE_OBJC_ARC = YES;
				CLANG_ENABLE_OBJC_WEAK = YES;
				CLANG_WARN_BLOCK_CAPTURE_AUTORELEASING = YES;
				CLANG_WARN_BOOL_CONVERSION = YES;
				CLANG_WARN_COMMA = YES;
				CLANG_WARN_CONSTANT_CONVERSION = YES;
				CLANG_WARN_DEPRECATED_OBJC_IMPLEMENTATIONS = YES;
				CLANG_WARN_DIRECT_OBJC_ISA_USAGE = YES_ERROR;
				CLANG_WARN_DOCUMENTATION_COMMENTS = YES;
				CLANG_WARN_EMPTY_BODY = YES;
				CLANG_WARN_ENUM_CONVERSION = YES;
				CLANG_WARN_INFINITE_RECURSION = YES;
				CLANG_WARN_INT_CONVERSION = YES;
				CLANG_WARN_NON_LITERAL_NULL_CONVERSION = YES;
				CLANG_WARN_OBJC_IMPLICIT_RETAIN_SELF = YES;
				CLANG_WARN_OBJC_LITERAL_CONVERSION = YES;
				CLANG_WARN_OBJC_ROOT_CLASS = YES_ERROR;
				CLANG_WARN_QUOTED_INCLUDE_IN_FRAMEWORK_HEADER = YES;
				CLANG_WARN_RANGE_LOOP_ANALYSIS = YES;
				CLANG_WARN_STRICT_PROTOTYPES = YES;
				CLANG_WARN_SUSPICIOUS_MOVE = YES;
				CLANG_WARN_UNGUARDED_AVAILABILITY = YES_AGGRESSIVE;
				CLANG_WARN_UNREACHABLE_CODE = YES;
				CLANG_WARN__DUPLICATE_METHOD_MATCH = YES;
				COPY_PHASE_STRIP = NO;
				DEBUG_INFORMATION_FORMAT = "dwarf-with-dsym";
				ENABLE_NS_ASSERTIONS = NO;
				ENABLE_STRICT_OBJC_MSGSEND = YES;
				GCC_C_LANGUAGE_STANDARD = gnu11;
				GCC_NO_COMMON_BLOCKS = YES;
				GCC_WARN_64_TO_32_BIT_CONVERSION = YES;
				GCC_WARN_ABOUT_RETURN_TYPE = YES_ERROR;
				GCC_WARN_UNDECLARED_SELECTOR = YES;
				GCC_WARN_UNINITIALIZED_AUTOS = YES_AGGRESSIVE;
				GCC_WARN_UNUSED_FUNCTION = YES;
				GCC_WARN_UNUSED_VARIABLE = YES;
				IPHONEOS_DEPLOYMENT_TARGET = 16.2;
				MTL_ENABLE_DEBUG_INFO = NO;
				MTL_FAST_MATH = YES;
				SDKROOT = iphoneos;
				SWIFT_COMPILATION_MODE = wholemodule;
				SWIFT_OPTIMIZATION_LEVEL = "-O";
				VALIDATE_PRODUCT = YES;
			};
			name = Release;
		};
		22D7FEC129A954DB00CA507D /* Debug */ = {
			isa = XCBuildConfiguration;
			buildSettings = {
				ASSETCATALOG_COMPILER_APPICON_NAME = AppIcon;
				ASSETCATALOG_COMPILER_GLOBAL_ACCENT_COLOR_NAME = AccentColor;
				CODE_SIGN_STYLE = Automatic;
				CURRENT_PROJECT_VERSION = 1;
				DEVELOPMENT_ASSET_PATHS = "\"Taxi_SUI/Preview Content\"";
				DEVELOPMENT_TEAM = LP6DZ5N5Y4;
				ENABLE_PREVIEWS = YES;
				GENERATE_INFOPLIST_FILE = YES;
				INFOPLIST_KEY_NSLocationWhenInUseUsageDescription = "Please allow us to access your location to find you nearby drivers and rides";
				INFOPLIST_KEY_UIApplicationSceneManifest_Generation = YES;
				INFOPLIST_KEY_UIApplicationSupportsIndirectInputEvents = YES;
				INFOPLIST_KEY_UILaunchScreen_Generation = YES;
				INFOPLIST_KEY_UISupportedInterfaceOrientations_iPad = "UIInterfaceOrientationPortrait UIInterfaceOrientationPortraitUpsideDown UIInterfaceOrientationLandscapeLeft UIInterfaceOrientationLandscapeRight";
				INFOPLIST_KEY_UISupportedInterfaceOrientations_iPhone = "UIInterfaceOrientationPortrait UIInterfaceOrientationLandscapeLeft UIInterfaceOrientationLandscapeRight";
				IPHONEOS_DEPLOYMENT_TARGET = 16.0;
				LD_RUNPATH_SEARCH_PATHS = (
					"$(inherited)",
					"@executable_path/Frameworks",
				);
				MARKETING_VERSION = 1.0;
				PRODUCT_BUNDLE_IDENTIFIER = "apps4you.io.Taxi-SUI";
				PRODUCT_NAME = "$(TARGET_NAME)";
				SWIFT_EMIT_LOC_STRINGS = YES;
				SWIFT_VERSION = 5.0;
				TARGETED_DEVICE_FAMILY = "1,2";
			};
			name = Debug;
		};
		22D7FEC229A954DB00CA507D /* Release */ = {
			isa = XCBuildConfiguration;
			buildSettings = {
				ASSETCATALOG_COMPILER_APPICON_NAME = AppIcon;
				ASSETCATALOG_COMPILER_GLOBAL_ACCENT_COLOR_NAME = AccentColor;
				CODE_SIGN_STYLE = Automatic;
				CURRENT_PROJECT_VERSION = 1;
				DEVELOPMENT_ASSET_PATHS = "\"Taxi_SUI/Preview Content\"";
				DEVELOPMENT_TEAM = LP6DZ5N5Y4;
				ENABLE_PREVIEWS = YES;
				GENERATE_INFOPLIST_FILE = YES;
				INFOPLIST_KEY_NSLocationWhenInUseUsageDescription = "Please allow us to access your location to find you nearby drivers and rides";
				INFOPLIST_KEY_UIApplicationSceneManifest_Generation = YES;
				INFOPLIST_KEY_UIApplicationSupportsIndirectInputEvents = YES;
				INFOPLIST_KEY_UILaunchScreen_Generation = YES;
				INFOPLIST_KEY_UISupportedInterfaceOrientations_iPad = "UIInterfaceOrientationPortrait UIInterfaceOrientationPortraitUpsideDown UIInterfaceOrientationLandscapeLeft UIInterfaceOrientationLandscapeRight";
				INFOPLIST_KEY_UISupportedInterfaceOrientations_iPhone = "UIInterfaceOrientationPortrait UIInterfaceOrientationLandscapeLeft UIInterfaceOrientationLandscapeRight";
				IPHONEOS_DEPLOYMENT_TARGET = 16.0;
				LD_RUNPATH_SEARCH_PATHS = (
					"$(inherited)",
					"@executable_path/Frameworks",
				);
				MARKETING_VERSION = 1.0;
				PRODUCT_BUNDLE_IDENTIFIER = "apps4you.io.Taxi-SUI";
				PRODUCT_NAME = "$(TARGET_NAME)";
				SWIFT_EMIT_LOC_STRINGS = YES;
				SWIFT_VERSION = 5.0;
				TARGETED_DEVICE_FAMILY = "1,2";
			};
			name = Release;
		};
/* End XCBuildConfiguration section */

/* Begin XCConfigurationList section */
		22D7FEAD29A954D500CA507D /* Build configuration list for PBXProject "Taxi_SUI" */ = {
			isa = XCConfigurationList;
			buildConfigurations = (
				22D7FEBE29A954DB00CA507D /* Debug */,
				22D7FEBF29A954DB00CA507D /* Release */,
			);
			defaultConfigurationIsVisible = 0;
			defaultConfigurationName = Release;
		};
		22D7FEC029A954DB00CA507D /* Build configuration list for PBXNativeTarget "Taxi_SUI" */ = {
			isa = XCConfigurationList;
			buildConfigurations = (
				22D7FEC129A954DB00CA507D /* Debug */,
				22D7FEC229A954DB00CA507D /* Release */,
			);
			defaultConfigurationIsVisible = 0;
			defaultConfigurationName = Release;
		};
/* End XCConfigurationList section */
	};
	rootObject = 22D7FEAA29A954D500CA507D /* Project object */;
}
